github.com/99designs/httpsignatures-go v0.0.0-20170731043157-88528bf4ca7e h1:rl2Aq4ZODqTDkeSqQBy+fzpZPamacO1Srp8zq7jf2Sc=
github.com/99designs/httpsignatures-go v0.0.0-20170731043157-88528bf4ca7e/go.mod h1:Xa6lInWHNQnuWoF0YPSsx+INFA9qk7/7pTjwb3PInkY=
github.com/google/go-cmp v0.2.0 h1:+dTQ8DZQJz0Mb/HjFlkptS1FeQ4cWSnN941F8aEG4SQ=
github.com/google/go-cmp v0.2.0/go.mod h1:oXzfMopK8JAjlY9xF4vHSVASa0yLyX7SntLO5aqRK0M=
